{
  "version": 4,
  "terraform_version": "1.5.7",
  "serial": 7,
  "lineage": "b69b6cc9-7658-3390-841e-c8992465961f",
  "outputs": {},
  "resources": [
    {
      "module": "module.gke_cluster",
      "mode": "managed",
      "type": "google_container_cluster",
      "name": "this",
      "provider": "module.gke_cluster.provider[\"registry.terraform.io/hashicorp/google\"]",
      "instances": [
        {
          "schema_version": 1,
          "attributes": {
            "addons_config": [
              {
                "cloudrun_config": [],
                "config_connector_config": [],
                "dns_cache_config": [],
                "gce_persistent_disk_csi_driver_config": [
                  {
                    "enabled": true
                  }
                ],
                "gcp_filestore_csi_driver_config": [],
                "gke_backup_agent_config": [],
                "horizontal_pod_autoscaling": [],
                "http_load_balancing": [],
                "network_policy_config": [
                  {
                    "disabled": true
                  }
                ]
              }
            ],
            "authenticator_groups_config": [],
            "binary_authorization": [
              {
                "enabled": false,
                "evaluation_mode": ""
              }
            ],
            "cluster_autoscaling": [
              {
                "auto_provisioning_defaults": [],
                "enabled": false,
                "resource_limits": []
              }
            ],
            "cluster_ipv4_cidr": "10.76.0.0/14",
            "confidential_nodes": [],
            "cost_management_config": [],
            "database_encryption": [
              {
                "key_name": "",
                "state": "DECRYPTED"
              }
            ],
            "datapath_provider": "",
            "default_max_pods_per_node": null,
            "default_snat_status": [
              {
                "disabled": false
              }
            ],
            "description": "",
            "dns_config": [],
            "enable_autopilot": false,
            "enable_binary_authorization": false,
            "enable_intranode_visibility": false,
            "enable_kubernetes_alpha": false,
            "enable_l4_ilb_subsetting": false,
            "enable_legacy_abac": false,
            "enable_shielded_nodes": true,
            "enable_tpu": false,
            "endpoint": "34.133.151.119",
            "gateway_api_config": [],
            "id": "projects/devops-training-419011/locations/us-central1-f/clusters/main",
            "initial_node_count": 1,
            "ip_allocation_policy": [],
            "label_fingerprint": "a9dc16a7",
            "location": "us-central1-f",
            "logging_config": [
              {
                "enable_components": [
                  "SYSTEM_COMPONENTS",
                  "WORKLOADS"
                ]
              }
            ],
            "logging_service": "logging.googleapis.com/kubernetes",
            "maintenance_policy": [],
            "master_auth": [
              {
                "client_certificate": "",
                "client_certificate_config": [
                  {
                    "issue_client_certificate": false
                  }
                ],
                "client_key": "",
                "cluster_ca_certificate": "LS0tLS1CRUdJTiBDRVJUSUZJQ0FURS0tLS0tCk1JSUVMVENDQXBXZ0F3SUJBZ0lSQUl4SHdERnpsRGd4RE5RMnNNbGVBUzR3RFFZSktvWklodmNOQVFFTEJRQXcKTHpFdE1Dc0dBMVVFQXhNa05UWTJaRGt5WldNdFpUazJNaTAwTm1Zd0xXSmhOamd0TkRGak5qZzJaVGxtWVRVMApNQ0FYRFRJME1EVXhNVEV4TURRd09Wb1lEekl3TlRRd05UQTBNVEl3TkRBNVdqQXZNUzB3S3dZRFZRUURFeVExCk5qWmtPVEpsWXkxbE9UWXlMVFEyWmpBdFltRTJPQzAwTVdNMk9EWmxPV1poTlRRd2dnR2lNQTBHQ1NxR1NJYjMKRFFFQkFRVUFBNElCandBd2dnR0tBb0lCZ1FDVTM2ekdTbnkwSEZ1USt1V0ppcC9weDh4MVlNM3Zab3dFUUsvTwoyT3lsNzkvTk5tYi8ycnNrbkZPQUI1dk50UkFiUW15VTVxMlMxMkc1cVhQTzdwdkpGVkRQYnpuMkpSUEdrVTJtCkxEN3RremNRNjViU3NGTmF3SzhHb3RRZEdQZFMzbTQzNldMQVZ6dVh4TkNRb0dYQmM5OGRnbTIvczFaOXhVVnIKSk5rYmdLMTRiMTJKcFhRT3dQZW91Mkt4cm11ZHUweElpd3pUSGpQRC8wWS9XaW1zYms0TC9pWVBpYnhXQ3V4ZApaQjBKMzRJTC9vY216R3RLcnM5NXVVTXlScU1zUmk5eVh5d0ZUNHE3VUpvNUxSV1RuVGdvdXNFZWlnUjNuTkkyCmlxTGZ6TE9BTWl2Qkl2UG9vbjNsNkY3TUtxUjBnMXB6TjBSTXpzbVJuMTUrMEZVNndnVW5ZSCtiemlnVUNqblcKNmlFUm1GTkllL3FxM0xFSVBzc09hQ25JZG51YkdWUDZ2N3pIYlFoSWpyODR3aXhZS2RPdk1LeTNURGhiNTF5UAprYy9DVm90Z0NaMXBGL3hodUI2cDFMLytTeTUxS1VYM1ZMbXdyTTlnYm1RcUVubXh0NnZ2SlBRaUhLVytsTk1OCjd2TE1yS2J5NjVtaS9jY1Z2cy9UQ2czK3lTVUNBd0VBQWFOQ01FQXdEZ1lEVlIwUEFRSC9CQVFEQWdJRU1BOEcKQTFVZEV3RUIvd1FGTUFNQkFmOHdIUVlEVlIwT0JCWUVGTHFlL1lFdWJDdFpWeWlIVHdVMDBDU2crWWpXTUEwRwpDU3FHU0liM0RRRUJDd1VBQTRJQmdRQ1JXUW1DZkFrci84a0NSQjZIbHltOS9yQ3MzbVFZYUhPd2dVUDJHWUhUClQ4dDhka1lVQ2NXWE5yTzdabEhnLzZ5UXRnV0VJbXpiMjdVTms1bEVWZnNvaWZQNExRL0NpaFFVa2JJK2lBdEgKcldVYXZNSXdYS3gvZi9LMnZTQitRWUFrY0dyR3Q0NloxWWduRkhGUlFBL3FlUDd4ak1Tci9OZGt2OER4OUpTVgpsY2t2alcwS2RHM25mV3Q3YWZlNHVmTi93UEFSeEtxc1o4S09NRmxCd3VKUWc2OXoyS0RBZUdVenYxRUhVTzdXCk9tMnBIcnovR3k4cUozM2dMSm5iNDhPZStQVmE1Ti82V053UzVhWEhpVGIyaUlpKzA5UU81M1VaeVhTTGV4bUEKUFhIN2VhdEpxNmFBU0tuWXQwZUJIdkdUZm1DeHpNZmdocWMxVFNWM2NZVkRZZThMbTA3cmxtdXBadnExWEswdgpRM3JrSHgwSncwS3pXU095SndDMGVMejNZbVBWMnhDWXdOZ1FQUjlXa1M0VEU1ODE1dkNaTzNBUGN3VlpjblA4CjNNZXNLSVB6bzJDWTRZcWE1RHdpWmIxcW5xR05aNmZEMDZWemhCTDI4c3FGLzFxSjlpSU5PTVFoOFNwcG40eE4KQmdNSXdZQXdrM3J0KzNDb0VaWmxwWTQ9Ci0tLS0tRU5EIENFUlRJRklDQVRFLS0tLS0K"
              }
            ],
            "master_authorized_networks_config": [],
            "master_version": "1.28.7-gke.1026000",
            "mesh_certificates": [],
            "min_master_version": null,
            "monitoring_config": [
              {
                "enable_components": [
                  "SYSTEM_COMPONENTS"
                ],
                "managed_prometheus": [
                  {
                    "enabled": true
                  }
                ]
              }
            ],
            "monitoring_service": "monitoring.googleapis.com/kubernetes",
            "name": "main",
            "network": "projects/devops-training-419011/global/networks/default",
            "network_policy": [
              {
                "enabled": false,
                "provider": "PROVIDER_UNSPECIFIED"
              }
            ],
            "networking_mode": "ROUTES",
            "node_config": [],
            "node_locations": [],
            "node_pool": [],
            "node_pool_defaults": [
              {
                "node_config_defaults": [
                  {
                    "logging_variant": "DEFAULT"
                  }
                ]
              }
            ],
            "node_version": "1.28.7-gke.1026000",
            "notification_config": [
              {
                "pubsub": [
                  {
                    "enabled": false,
                    "filter": [],
                    "topic": ""
                  }
                ]
              }
            ],
            "operation": null,
            "private_cluster_config": [
              {
                "enable_private_endpoint": false,
                "enable_private_nodes": false,
                "master_global_access_config": [
                  {
                    "enabled": false
                  }
                ],
                "master_ipv4_cidr_block": "",
                "peering_name": "",
                "private_endpoint": "10.128.0.5",
                "private_endpoint_subnetwork": "",
                "public_endpoint": "34.133.151.119"
              }
            ],
            "private_ipv6_google_access": "",
            "project": "devops-training-419011",
            "release_channel": [
              {
                "channel": "REGULAR"
              }
            ],
            "remove_default_node_pool": true,
            "resource_labels": null,
            "resource_usage_export_config": [],
            "self_link": "https://container.googleapis.com/v1/projects/devops-training-419011/zones/us-central1-f/clusters/main",
            "service_external_ips_config": [
              {
                "enabled": false
              }
            ],
            "services_ipv4_cidr": "10.79.240.0/20",
            "subnetwork": "projects/devops-training-419011/regions/us-central1/subnetworks/default",
            "timeouts": null,
            "tpu_ipv4_cidr_block": "",
            "vertical_pod_autoscaling": [],
            "workload_identity_config": [
              {
                "workload_pool": "devops-training-419011.svc.id.goog"
              }
            ]
          },
          "sensitive_attributes": [],
          "private": "eyJlMmJmYjczMC1lY2FhLTExZTYtOGY4OC0zNDM2M2JjN2M0YzAiOnsiY3JlYXRlIjoyNDAwMDAwMDAwMDAwLCJkZWxldGUiOjI0MDAwMDAwMDAwMDAsInJlYWQiOjI0MDAwMDAwMDAwMDAsInVwZGF0ZSI6MzYwMDAwMDAwMDAwMH0sInNjaGVtYV92ZXJzaW9uIjoiMSJ9"
        }
      ]
    },
    {
      "module": "module.gke_cluster",
      "mode": "managed",
      "type": "google_container_node_pool",
      "name": "this",
      "provider": "module.gke_cluster.provider[\"registry.terraform.io/hashicorp/google\"]",
      "instances": [
        {
          "schema_version": 1,
          "attributes": {
            "autoscaling": [],
            "cluster": "main",
            "id": "projects/devops-training-419011/locations/us-central1-f/clusters/main/nodePools/main",
            "initial_node_count": 2,
            "instance_group_urls": [
              "https://www.googleapis.com/compute/v1/projects/devops-training-419011/zones/us-central1-f/instanceGroupManagers/gke-main-main-b1f505e1-grp"
            ],
            "location": "us-central1-f",
            "managed_instance_group_urls": [
              "https://www.googleapis.com/compute/v1/projects/devops-training-419011/zones/us-central1-f/instanceGroups/gke-main-main-b1f505e1-grp"
            ],
            "management": [
              {
                "auto_repair": true,
                "auto_upgrade": true
              }
            ],
            "max_pods_per_node": null,
            "name": "main",
            "name_prefix": "",
            "network_config": [
              {
                "create_pod_range": false,
                "enable_private_nodes": false,
                "pod_ipv4_cidr_block": "",
                "pod_range": ""
              }
            ],
            "node_config": [
              {
                "boot_disk_kms_key": "",
                "disk_size_gb": 100,
                "disk_type": "pd-balanced",
                "gcfs_config": [],
                "guest_accelerator": [],
                "gvnic": [],
                "image_type": "COS_CONTAINERD",
                "kubelet_config": [],
                "labels": {},
                "linux_node_config": [],
                "local_ssd_count": 0,
                "logging_variant": "DEFAULT",
                "machine_type": "g1-small",
                "metadata": {
                  "disable-legacy-endpoints": "true"
                },
                "min_cpu_platform": "",
                "node_group": "",
                "oauth_scopes": [
                  "https://www.googleapis.com/auth/devstorage.read_only",
                  "https://www.googleapis.com/auth/logging.write",
                  "https://www.googleapis.com/auth/monitoring",
                  "https://www.googleapis.com/auth/service.management.readonly",
                  "https://www.googleapis.com/auth/servicecontrol",
                  "https://www.googleapis.com/auth/trace.append"
                ],
                "preemptible": false,
                "reservation_affinity": [],
                "resource_labels": null,
                "service_account": "default",
                "shielded_instance_config": [
                  {
                    "enable_integrity_monitoring": true,
                    "enable_secure_boot": false
                  }
                ],
                "spot": false,
                "tags": null,
                "taint": [],
                "workload_metadata_config": [
                  {
                    "mode": "GKE_METADATA"
                  }
                ]
              }
            ],
            "node_count": 2,
            "node_locations": [
              "us-central1-f"
            ],
            "operation": null,
            "placement_policy": [],
            "project": "devops-training-419011",
            "timeouts": null,
            "upgrade_settings": [
              {
                "blue_green_settings": [],
                "max_surge": 1,
                "max_unavailable": 0,
                "strategy": "SURGE"
              }
            ],
            "version": "1.28.7-gke.1026000"
          },
          "sensitive_attributes": [],
          "private": "eyJlMmJmYjczMC1lY2FhLTExZTYtOGY4OC0zNDM2M2JjN2M0YzAiOnsiY3JlYXRlIjoxODAwMDAwMDAwMDAwLCJkZWxldGUiOjE4MDAwMDAwMDAwMDAsInVwZGF0ZSI6MTgwMDAwMDAwMDAwMH0sInNjaGVtYV92ZXJzaW9uIjoiMSJ9",
          "dependencies": [
            "module.gke_cluster.google_container_cluster.this"
          ]
        }
      ]
    },
    {
      "module": "module.gke_cluster",
      "mode": "managed",
      "type": "local_file",
      "name": "kubeconfig",
      "provider": "provider[\"registry.terraform.io/hashicorp/local\"]",
      "instances": [
        {
          "schema_version": 0,
          "attributes": {
            "content": "apiVersion: v1\nclusters:\n- cluster:\n    certificate-authority-data: LS0tLS1CRUdJTiBDRVJUSUZJQ0FURS0tLS0tCk1JSUVMVENDQXBXZ0F3SUJBZ0lSQUl4SHdERnpsRGd4RE5RMnNNbGVBUzR3RFFZSktvWklodmNOQVFFTEJRQXcKTHpFdE1Dc0dBMVVFQXhNa05UWTJaRGt5WldNdFpUazJNaTAwTm1Zd0xXSmhOamd0TkRGak5qZzJaVGxtWVRVMApNQ0FYRFRJME1EVXhNVEV4TURRd09Wb1lEekl3TlRRd05UQTBNVEl3TkRBNVdqQXZNUzB3S3dZRFZRUURFeVExCk5qWmtPVEpsWXkxbE9UWXlMVFEyWmpBdFltRTJPQzAwTVdNMk9EWmxPV1poTlRRd2dnR2lNQTBHQ1NxR1NJYjMKRFFFQkFRVUFBNElCandBd2dnR0tBb0lCZ1FDVTM2ekdTbnkwSEZ1USt1V0ppcC9weDh4MVlNM3Zab3dFUUsvTwoyT3lsNzkvTk5tYi8ycnNrbkZPQUI1dk50UkFiUW15VTVxMlMxMkc1cVhQTzdwdkpGVkRQYnpuMkpSUEdrVTJtCkxEN3RremNRNjViU3NGTmF3SzhHb3RRZEdQZFMzbTQzNldMQVZ6dVh4TkNRb0dYQmM5OGRnbTIvczFaOXhVVnIKSk5rYmdLMTRiMTJKcFhRT3dQZW91Mkt4cm11ZHUweElpd3pUSGpQRC8wWS9XaW1zYms0TC9pWVBpYnhXQ3V4ZApaQjBKMzRJTC9vY216R3RLcnM5NXVVTXlScU1zUmk5eVh5d0ZUNHE3VUpvNUxSV1RuVGdvdXNFZWlnUjNuTkkyCmlxTGZ6TE9BTWl2Qkl2UG9vbjNsNkY3TUtxUjBnMXB6TjBSTXpzbVJuMTUrMEZVNndnVW5ZSCtiemlnVUNqblcKNmlFUm1GTkllL3FxM0xFSVBzc09hQ25JZG51YkdWUDZ2N3pIYlFoSWpyODR3aXhZS2RPdk1LeTNURGhiNTF5UAprYy9DVm90Z0NaMXBGL3hodUI2cDFMLytTeTUxS1VYM1ZMbXdyTTlnYm1RcUVubXh0NnZ2SlBRaUhLVytsTk1OCjd2TE1yS2J5NjVtaS9jY1Z2cy9UQ2czK3lTVUNBd0VBQWFOQ01FQXdEZ1lEVlIwUEFRSC9CQVFEQWdJRU1BOEcKQTFVZEV3RUIvd1FGTUFNQkFmOHdIUVlEVlIwT0JCWUVGTHFlL1lFdWJDdFpWeWlIVHdVMDBDU2crWWpXTUEwRwpDU3FHU0liM0RRRUJDd1VBQTRJQmdRQ1JXUW1DZkFrci84a0NSQjZIbHltOS9yQ3MzbVFZYUhPd2dVUDJHWUhUClQ4dDhka1lVQ2NXWE5yTzdabEhnLzZ5UXRnV0VJbXpiMjdVTms1bEVWZnNvaWZQNExRL0NpaFFVa2JJK2lBdEgKcldVYXZNSXdYS3gvZi9LMnZTQitRWUFrY0dyR3Q0NloxWWduRkhGUlFBL3FlUDd4ak1Tci9OZGt2OER4OUpTVgpsY2t2alcwS2RHM25mV3Q3YWZlNHVmTi93UEFSeEtxc1o4S09NRmxCd3VKUWc2OXoyS0RBZUdVenYxRUhVTzdXCk9tMnBIcnovR3k4cUozM2dMSm5iNDhPZStQVmE1Ti82V053UzVhWEhpVGIyaUlpKzA5UU81M1VaeVhTTGV4bUEKUFhIN2VhdEpxNmFBU0tuWXQwZUJIdkdUZm1DeHpNZmdocWMxVFNWM2NZVkRZZThMbTA3cmxtdXBadnExWEswdgpRM3JrSHgwSncwS3pXU095SndDMGVMejNZbVBWMnhDWXdOZ1FQUjlXa1M0VEU1ODE1dkNaTzNBUGN3VlpjblA4CjNNZXNLSVB6bzJDWTRZcWE1RHdpWmIxcW5xR05aNmZEMDZWemhCTDI4c3FGLzFxSjlpSU5PTVFoOFNwcG40eE4KQmdNSXdZQXdrM3J0KzNDb0VaWmxwWTQ9Ci0tLS0tRU5EIENFUlRJRklDQVRFLS0tLS0K\n    server: https://34.133.151.119\n  name: main\ncontexts:\n- context:\n    cluster: main\n    user: main\n  name: main\ncurrent-context: main\nkind: Config\npreferences: {}\nusers:\n- name: main\n  user:\n    token: ya29.a0AXooCgv6MsbdjR9o4ylM2ospvz3e8KFDIUAIzMeLHJRnVjcQDKotwwdUbByLHgVNFRv9_nyD-1mfv2AVNxD0xYkI2mpU7Cq4hBD-JyD9qAuBRc7-YSjMLMU5NN-svOPhsLNlAX78IFncAlCrPSmFzeA3bNuhMErD9aZsVc42B38P-UcXJGxHwdIFim2F_tjzav74oJ_uGV4JNUjlc1jHCcDeWb4Sn0AEPAtyS2_L6J8q9e6og7zc4NPqjzEWJyw9ZECqr9WDJWGGFi7lvEga8uf5aJu8g6Q15MI34MSf-wz-7-QMWqc7qXFNXZpuzIplF5Z3OAFirhOi72pg0lqiCGToZjQcjTvftkZwtB63TPLmXBpdzBDDwo4YBsMTiL5KPJzlvdAm5iFbRPg9HGdHVkOvXnNsT8kaCgYKAScSARMSFQHGX2MiNtPKHEL4wyvhh5QwEd7b3g0422\n",
            "content_base64": null,
            "content_base64sha256": "O5469l+ct+kvASY7z7Jpo3euFHsi2SbtEdZapJcuulM=",
            "content_base64sha512": "3Y0mLs1rB5JQQcK8KyOfbdJoqwG2oXRdHeOQIECHgi5xjKFREep4+zovQao1FKqr5t33F2iPoDn2NTASvdwDPg==",
            "content_md5": "757773fb223b3d344650e862efbdd86e",
            "content_sha1": "00bcf8cdf9c6a866de921a62acd46aaf40cc06c0",
            "content_sha256": "3b9e3af65f9cb7e92f01263bcfb269a377ae147b22d926ed11d65aa4972eba53",
            "content_sha512": "dd8d262ecd6b07925041c2bc2b239f6dd268ab01b6a1745d1de390204087822e718ca15111ea78fb3a2f41aa3514aaabe6ddf717688fa039f6353012bddc033e",
            "directory_permission": "0777",
            "file_permission": "0400",
            "filename": ".terraform/modules/gke_cluster/kubeconfig",
            "id": "00bcf8cdf9c6a866de921a62acd46aaf40cc06c0",
            "sensitive_content": null,
            "source": null
          },
          "sensitive_attributes": [
            [
              {
                "type": "get_attr",
                "value": "content"
              }
            ]
          ],
          "dependencies": [
            "module.gke_cluster.google_container_cluster.this",
            "module.gke_cluster.module.gke_auth.data.google_client_config.provider",
            "module.gke_cluster.module.gke_auth.data.google_container_cluster.gke_cluster"
          ]
        }
      ]
    },
    {
      "module": "module.gke_cluster.module.gke_auth",
      "mode": "data",
      "type": "google_client_config",
      "name": "provider",
      "provider": "module.gke_cluster.provider[\"registry.terraform.io/hashicorp/google\"]",
      "instances": [
        {
          "schema_version": 0,
          "attributes": {
            "access_token": "ya29.a0AXooCgv6MsbdjR9o4ylM2ospvz3e8KFDIUAIzMeLHJRnVjcQDKotwwdUbByLHgVNFRv9_nyD-1mfv2AVNxD0xYkI2mpU7Cq4hBD-JyD9qAuBRc7-YSjMLMU5NN-svOPhsLNlAX78IFncAlCrPSmFzeA3bNuhMErD9aZsVc42B38P-UcXJGxHwdIFim2F_tjzav74oJ_uGV4JNUjlc1jHCcDeWb4Sn0AEPAtyS2_L6J8q9e6og7zc4NPqjzEWJyw9ZECqr9WDJWGGFi7lvEga8uf5aJu8g6Q15MI34MSf-wz-7-QMWqc7qXFNXZpuzIplF5Z3OAFirhOi72pg0lqiCGToZjQcjTvftkZwtB63TPLmXBpdzBDDwo4YBsMTiL5KPJzlvdAm5iFbRPg9HGdHVkOvXnNsT8kaCgYKAScSARMSFQHGX2MiNtPKHEL4wyvhh5QwEd7b3g0422",
            "id": "projects/devops-training-419011/regions/us-central1-f/zones/",
            "project": "devops-training-419011",
            "region": "us-central1-f",
            "zone": ""
          },
          "sensitive_attributes": []
        }
      ]
    },
    {
      "module": "module.gke_cluster.module.gke_auth",
      "mode": "data",
      "type": "google_container_cluster",
      "name": "gke_cluster",
      "provider": "module.gke_cluster.provider[\"registry.terraform.io/hashicorp/google\"]",
      "instances": [
        {
          "schema_version": 0,
          "attributes": {
            "addons_config": [
              {
                "cloudrun_config": [],
                "config_connector_config": [],
                "dns_cache_config": [],
                "gce_persistent_disk_csi_driver_config": [
                  {
                    "enabled": true
                  }
                ],
                "gcp_filestore_csi_driver_config": [],
                "gke_backup_agent_config": [],
                "horizontal_pod_autoscaling": [],
                "http_load_balancing": [],
                "network_policy_config": [
                  {
                    "disabled": true
                  }
                ]
              }
            ],
            "authenticator_groups_config": [],
            "binary_authorization": [
              {
                "enabled": false,
                "evaluation_mode": ""
              }
            ],
            "cluster_autoscaling": [
              {
                "auto_provisioning_defaults": [],
                "enabled": false,
                "resource_limits": []
              }
            ],
            "cluster_ipv4_cidr": "10.76.0.0/14",
            "confidential_nodes": [],
            "cost_management_config": [],
            "database_encryption": [
              {
                "key_name": "",
                "state": "DECRYPTED"
              }
            ],
            "datapath_provider": "",
            "default_max_pods_per_node": null,
            "default_snat_status": [
              {
                "disabled": false
              }
            ],
            "description": "",
            "dns_config": [],
            "enable_autopilot": false,
            "enable_binary_authorization": false,
            "enable_intranode_visibility": false,
            "enable_kubernetes_alpha": false,
            "enable_l4_ilb_subsetting": false,
            "enable_legacy_abac": false,
            "enable_shielded_nodes": true,
            "enable_tpu": false,
            "endpoint": "34.133.151.119",
            "gateway_api_config": [],
            "id": "projects/devops-training-419011/locations/us-central1-f/clusters/main",
            "initial_node_count": 1,
            "ip_allocation_policy": [],
            "label_fingerprint": "a9dc16a7",
            "location": "us-central1-f",
            "logging_config": [
              {
                "enable_components": [
                  "SYSTEM_COMPONENTS",
                  "WORKLOADS"
                ]
              }
            ],
            "logging_service": "logging.googleapis.com/kubernetes",
            "maintenance_policy": [],
            "master_auth": [
              {
                "client_certificate": "",
                "client_certificate_config": [
                  {
                    "issue_client_certificate": false
                  }
                ],
                "client_key": "",
                "cluster_ca_certificate": "LS0tLS1CRUdJTiBDRVJUSUZJQ0FURS0tLS0tCk1JSUVMVENDQXBXZ0F3SUJBZ0lSQUl4SHdERnpsRGd4RE5RMnNNbGVBUzR3RFFZSktvWklodmNOQVFFTEJRQXcKTHpFdE1Dc0dBMVVFQXhNa05UWTJaRGt5WldNdFpUazJNaTAwTm1Zd0xXSmhOamd0TkRGak5qZzJaVGxtWVRVMApNQ0FYRFRJME1EVXhNVEV4TURRd09Wb1lEekl3TlRRd05UQTBNVEl3TkRBNVdqQXZNUzB3S3dZRFZRUURFeVExCk5qWmtPVEpsWXkxbE9UWXlMVFEyWmpBdFltRTJPQzAwTVdNMk9EWmxPV1poTlRRd2dnR2lNQTBHQ1NxR1NJYjMKRFFFQkFRVUFBNElCandBd2dnR0tBb0lCZ1FDVTM2ekdTbnkwSEZ1USt1V0ppcC9weDh4MVlNM3Zab3dFUUsvTwoyT3lsNzkvTk5tYi8ycnNrbkZPQUI1dk50UkFiUW15VTVxMlMxMkc1cVhQTzdwdkpGVkRQYnpuMkpSUEdrVTJtCkxEN3RremNRNjViU3NGTmF3SzhHb3RRZEdQZFMzbTQzNldMQVZ6dVh4TkNRb0dYQmM5OGRnbTIvczFaOXhVVnIKSk5rYmdLMTRiMTJKcFhRT3dQZW91Mkt4cm11ZHUweElpd3pUSGpQRC8wWS9XaW1zYms0TC9pWVBpYnhXQ3V4ZApaQjBKMzRJTC9vY216R3RLcnM5NXVVTXlScU1zUmk5eVh5d0ZUNHE3VUpvNUxSV1RuVGdvdXNFZWlnUjNuTkkyCmlxTGZ6TE9BTWl2Qkl2UG9vbjNsNkY3TUtxUjBnMXB6TjBSTXpzbVJuMTUrMEZVNndnVW5ZSCtiemlnVUNqblcKNmlFUm1GTkllL3FxM0xFSVBzc09hQ25JZG51YkdWUDZ2N3pIYlFoSWpyODR3aXhZS2RPdk1LeTNURGhiNTF5UAprYy9DVm90Z0NaMXBGL3hodUI2cDFMLytTeTUxS1VYM1ZMbXdyTTlnYm1RcUVubXh0NnZ2SlBRaUhLVytsTk1OCjd2TE1yS2J5NjVtaS9jY1Z2cy9UQ2czK3lTVUNBd0VBQWFOQ01FQXdEZ1lEVlIwUEFRSC9CQVFEQWdJRU1BOEcKQTFVZEV3RUIvd1FGTUFNQkFmOHdIUVlEVlIwT0JCWUVGTHFlL1lFdWJDdFpWeWlIVHdVMDBDU2crWWpXTUEwRwpDU3FHU0liM0RRRUJDd1VBQTRJQmdRQ1JXUW1DZkFrci84a0NSQjZIbHltOS9yQ3MzbVFZYUhPd2dVUDJHWUhUClQ4dDhka1lVQ2NXWE5yTzdabEhnLzZ5UXRnV0VJbXpiMjdVTms1bEVWZnNvaWZQNExRL0NpaFFVa2JJK2lBdEgKcldVYXZNSXdYS3gvZi9LMnZTQitRWUFrY0dyR3Q0NloxWWduRkhGUlFBL3FlUDd4ak1Tci9OZGt2OER4OUpTVgpsY2t2alcwS2RHM25mV3Q3YWZlNHVmTi93UEFSeEtxc1o4S09NRmxCd3VKUWc2OXoyS0RBZUdVenYxRUhVTzdXCk9tMnBIcnovR3k4cUozM2dMSm5iNDhPZStQVmE1Ti82V053UzVhWEhpVGIyaUlpKzA5UU81M1VaeVhTTGV4bUEKUFhIN2VhdEpxNmFBU0tuWXQwZUJIdkdUZm1DeHpNZmdocWMxVFNWM2NZVkRZZThMbTA3cmxtdXBadnExWEswdgpRM3JrSHgwSncwS3pXU095SndDMGVMejNZbVBWMnhDWXdOZ1FQUjlXa1M0VEU1ODE1dkNaTzNBUGN3VlpjblA4CjNNZXNLSVB6bzJDWTRZcWE1RHdpWmIxcW5xR05aNmZEMDZWemhCTDI4c3FGLzFxSjlpSU5PTVFoOFNwcG40eE4KQmdNSXdZQXdrM3J0KzNDb0VaWmxwWTQ9Ci0tLS0tRU5EIENFUlRJRklDQVRFLS0tLS0K"
              }
            ],
            "master_authorized_networks_config": [],
            "master_version": "1.28.7-gke.1026000",
            "mesh_certificates": [],
            "min_master_version": null,
            "monitoring_config": [
              {
                "enable_components": [
                  "SYSTEM_COMPONENTS"
                ],
                "managed_prometheus": [
                  {
                    "enabled": true
                  }
                ]
              }
            ],
            "monitoring_service": "monitoring.googleapis.com/kubernetes",
            "name": "main",
            "network": "projects/devops-training-419011/global/networks/default",
            "network_policy": [
              {
                "enabled": false,
                "provider": "PROVIDER_UNSPECIFIED"
              }
            ],
            "networking_mode": "ROUTES",
            "node_config": [],
            "node_locations": [],
            "node_pool": [],
            "node_pool_defaults": [
              {
                "node_config_defaults": [
                  {
                    "logging_variant": "DEFAULT"
                  }
                ]
              }
            ],
            "node_version": "1.28.7-gke.1026000",
            "notification_config": [
              {
                "pubsub": [
                  {
                    "enabled": false,
                    "filter": [],
                    "topic": ""
                  }
                ]
              }
            ],
            "operation": null,
            "private_cluster_config": [
              {
                "enable_private_endpoint": false,
                "enable_private_nodes": false,
                "master_global_access_config": [
                  {
                    "enabled": false
                  }
                ],
                "master_ipv4_cidr_block": "",
                "peering_name": "",
                "private_endpoint": "10.128.0.5",
                "private_endpoint_subnetwork": "",
                "public_endpoint": "34.133.151.119"
              }
            ],
            "private_ipv6_google_access": "",
            "project": "devops-training-419011",
            "release_channel": [
              {
                "channel": "REGULAR"
              }
            ],
            "remove_default_node_pool": null,
            "resource_labels": {},
            "resource_usage_export_config": [],
            "self_link": "https://container.googleapis.com/v1/projects/devops-training-419011/zones/us-central1-f/clusters/main",
            "service_external_ips_config": [
              {
                "enabled": false
              }
            ],
            "services_ipv4_cidr": "10.79.240.0/20",
            "subnetwork": "projects/devops-training-419011/regions/us-central1/subnetworks/default",
            "tpu_ipv4_cidr_block": "",
            "vertical_pod_autoscaling": [],
            "workload_identity_config": [
              {
                "workload_pool": "devops-training-419011.svc.id.goog"
              }
            ]
          },
          "sensitive_attributes": []
        }
      ]
    }
  ],
  "check_results": null
}
